
Microsoft Visual Studio Solution File, Format Version 12.00
Project("{FAE04EC0-301F-11D3-BF4B-00C04F79EFBC}") = "WebView2.FameworkCore", "WebView2.FameworkCore.csproj", "{039B3947-6308-491D-A150-500A590D9887}"
EndProject
Global
	GlobalSection(SolutionConfigurationPlatforms) = preSolution
		Debug|Any CPU = Debug|Any CPU
		Release|Any CPU = Release|Any CPU
	EndGlobalSection
	GlobalSection(ProjectConfigurationPlatforms) = postSolution
		{039B3947-6308-491D-A150-500A590D9887}.Debug|Any CPU.ActiveCfg = Debug|Any CPU
		{039B3947-6308-491D-A150-500A590D9887}.Debug|Any CPU.Build.0 = Debug|Any CPU
		{039B3947-6308-491D-A150-500A590D9887}.Release|Any CPU.ActiveCfg = Release|Any CPU
		{039B3947-6308-491D-A150-500A590D9887}.Release|Any CPU.Build.0 = Release|Any CPU
	EndGlobalSection
EndGlobal
