
Microsoft Visual Studio Solution File, Format Version 12.00
# Visual Studio Version 16
VisualStudioVersion = 16.0.30804.86
MinimumVisualStudioVersion = 10.0.40219.1
Project("{9A19103F-16F7-4668-BE54-9A1E7A4F7556}") = "WebView2.Demo", "WebView2.Demo\WebView2.Demo.csproj", "{81A5C215-E15C-413E-954E-82E4E9E178A8}"
EndProject
Project("{9A19103F-16F7-4668-BE54-9A1E7A4F7556}") = "WebView2.Core", "WebView2.Core\WebView2.Core.csproj", "{E7DE36F3-2DF1-450F-871A-3B4E6740F6F9}"
EndProject
Project("{9A19103F-16F7-4668-BE54-9A1E7A4F7556}") = "CefGlue", "CefGlue\CefGlue.csproj", "{35F06DBC-C023-46F9-8635-DFD9739032FA}"
EndProject
Project("{9A19103F-16F7-4668-BE54-9A1E7A4F7556}") = "CefGlue.Demo", "CefGlue.Demo\CefGlue.Demo.csproj", "{783C3AFB-B35E-4E85-8765-B06AF7D641AE}"
EndProject
Project("{9A19103F-16F7-4668-BE54-9A1E7A4F7556}") = "CefGlue.Forms", "CefGlue.Forms\CefGlue.Forms.csproj", "{32CF73BB-4D3E-4956-87E4-A0CE7584B905}"
EndProject
Project("{9A19103F-16F7-4668-BE54-9A1E7A4F7556}") = "CefGlue.Lib", "CefGlue.Lib\CefGlue.Lib.csproj", "{90278647-19F4-42B3-A9D7-F62A35F4F7FC}"
EndProject
Project("{2150E333-8FDC-42A3-9474-1A3956D46DE8}") = "CefGlue", "CefGlue", "{523288E9-BA3C-40A9-BDEC-08F4405AAC2B}"
EndProject
Project("{2150E333-8FDC-42A3-9474-1A3956D46DE8}") = "WebView2", "WebView2", "{1003F2D2-14D7-48B8-B1D7-CE4E6AB9244F}"
EndProject
Global
	GlobalSection(SolutionConfigurationPlatforms) = preSolution
		Debug|Any CPU = Debug|Any CPU
		Release|Any CPU = Release|Any CPU
	EndGlobalSection
	GlobalSection(ProjectConfigurationPlatforms) = postSolution
		{81A5C215-E15C-413E-954E-82E4E9E178A8}.Debug|Any CPU.ActiveCfg = Debug|Any CPU
		{81A5C215-E15C-413E-954E-82E4E9E178A8}.Debug|Any CPU.Build.0 = Debug|Any CPU
		{81A5C215-E15C-413E-954E-82E4E9E178A8}.Release|Any CPU.ActiveCfg = Release|Any CPU
		{81A5C215-E15C-413E-954E-82E4E9E178A8}.Release|Any CPU.Build.0 = Release|Any CPU
		{E7DE36F3-2DF1-450F-871A-3B4E6740F6F9}.Debug|Any CPU.ActiveCfg = Debug|Any CPU
		{E7DE36F3-2DF1-450F-871A-3B4E6740F6F9}.Debug|Any CPU.Build.0 = Debug|Any CPU
		{E7DE36F3-2DF1-450F-871A-3B4E6740F6F9}.Release|Any CPU.ActiveCfg = Release|Any CPU
		{E7DE36F3-2DF1-450F-871A-3B4E6740F6F9}.Release|Any CPU.Build.0 = Release|Any CPU
		{35F06DBC-C023-46F9-8635-DFD9739032FA}.Debug|Any CPU.ActiveCfg = Debug|Any CPU
		{35F06DBC-C023-46F9-8635-DFD9739032FA}.Debug|Any CPU.Build.0 = Debug|Any CPU
		{35F06DBC-C023-46F9-8635-DFD9739032FA}.Release|Any CPU.ActiveCfg = Release|Any CPU
		{35F06DBC-C023-46F9-8635-DFD9739032FA}.Release|Any CPU.Build.0 = Release|Any CPU
		{783C3AFB-B35E-4E85-8765-B06AF7D641AE}.Debug|Any CPU.ActiveCfg = Debug|Any CPU
		{783C3AFB-B35E-4E85-8765-B06AF7D641AE}.Debug|Any CPU.Build.0 = Debug|Any CPU
		{783C3AFB-B35E-4E85-8765-B06AF7D641AE}.Release|Any CPU.ActiveCfg = Release|Any CPU
		{783C3AFB-B35E-4E85-8765-B06AF7D641AE}.Release|Any CPU.Build.0 = Release|Any CPU
		{32CF73BB-4D3E-4956-87E4-A0CE7584B905}.Debug|Any CPU.ActiveCfg = Debug|Any CPU
		{32CF73BB-4D3E-4956-87E4-A0CE7584B905}.Debug|Any CPU.Build.0 = Debug|Any CPU
		{32CF73BB-4D3E-4956-87E4-A0CE7584B905}.Release|Any CPU.ActiveCfg = Release|Any CPU
		{32CF73BB-4D3E-4956-87E4-A0CE7584B905}.Release|Any CPU.Build.0 = Release|Any CPU
		{90278647-19F4-42B3-A9D7-F62A35F4F7FC}.Debug|Any CPU.ActiveCfg = Debug|Any CPU
		{90278647-19F4-42B3-A9D7-F62A35F4F7FC}.Debug|Any CPU.Build.0 = Debug|Any CPU
		{90278647-19F4-42B3-A9D7-F62A35F4F7FC}.Release|Any CPU.ActiveCfg = Release|Any CPU
		{90278647-19F4-42B3-A9D7-F62A35F4F7FC}.Release|Any CPU.Build.0 = Release|Any CPU
	EndGlobalSection
	GlobalSection(SolutionProperties) = preSolution
		HideSolutionNode = FALSE
	EndGlobalSection
	GlobalSection(NestedProjects) = preSolution
		{81A5C215-E15C-413E-954E-82E4E9E178A8} = {1003F2D2-14D7-48B8-B1D7-CE4E6AB9244F}
		{E7DE36F3-2DF1-450F-871A-3B4E6740F6F9} = {1003F2D2-14D7-48B8-B1D7-CE4E6AB9244F}
		{35F06DBC-C023-46F9-8635-DFD9739032FA} = {523288E9-BA3C-40A9-BDEC-08F4405AAC2B}
		{783C3AFB-B35E-4E85-8765-B06AF7D641AE} = {523288E9-BA3C-40A9-BDEC-08F4405AAC2B}
		{32CF73BB-4D3E-4956-87E4-A0CE7584B905} = {523288E9-BA3C-40A9-BDEC-08F4405AAC2B}
		{90278647-19F4-42B3-A9D7-F62A35F4F7FC} = {523288E9-BA3C-40A9-BDEC-08F4405AAC2B}
	EndGlobalSection
	GlobalSection(ExtensibilityGlobals) = postSolution
		SolutionGuid = {85E0FF9A-B500-4A4D-94DC-4F5066676395}
	EndGlobalSection
EndGlobal
